// !$*UTF8*$!
{
	archiveVersion = 1;
	classes = {
	};
	objectVersion = 55;
	objects = {

/* Begin PBXBuildFile section */
		3FF8D8772720098C00AA0FF4 /* AppDelegate.m in Sources */ = {isa = PBXBuildFile; fileRef = 3FF8D8762720098C00AA0FF4 /* AppDelegate.m */; };
		3FF8D87A2720098C00AA0FF4 /* SceneDelegate.m in Sources */ = {isa = PBXBuildFile; fileRef = 3FF8D8792720098C00AA0FF4 /* SceneDelegate.m */; };
		3FF8D87D2720098C00AA0FF4 /* ViewController.m in Sources */ = {isa = PBXBuildFile; fileRef = 3FF8D87C2720098C00AA0FF4 /* ViewController.m */; };
		3FF8D8802720098C00AA0FF4 /* Main.storyboard in Resources */ = {isa = PBXBuildFile; fileRef = 3FF8D87E2720098C00AA0FF4 /* Main.storyboard */; };
		3FF8D8822720098F00AA0FF4 /* Assets.xcassets in Resources */ = {isa = PBXBuildFile; fileRef = 3FF8D8812720098F00AA0FF4 /* Assets.xcassets */; };
		3FF8D8852720098F00AA0FF4 /* LaunchScreen.storyboard in Resources */ = {isa = PBXBuildFile; fileRef = 3FF8D8832720098F00AA0FF4 /* LaunchScreen.storyboard */; };
		3FF8D8882720098F00AA0FF4 /* main.m in Sources */ = {isa = PBXBuildFile; fileRef = 3FF8D8872720098F00AA0FF4 /* main.m */; };
		3FF8D8922720098F00AA0FF4 /* TMRichTextViewTests.m in Sources */ = {isa = PBXBuildFile; fileRef = 3FF8D8912720098F00AA0FF4 /* TMRichTextViewTests.m */; };
		3FF8D89C2720098F00AA0FF4 /* TMRichTextViewUITests.m in Sources */ = {isa = PBXBuildFile; fileRef = 3FF8D89B2720098F00AA0FF4 /* TMRichTextViewUITests.m */; };
		3FF8D89E2720098F00AA0FF4 /* TMRichTextViewUITestsLaunchTests.m in Sources */ = {isa = PBXBuildFile; fileRef = 3FF8D89D2720098F00AA0FF4 /* TMRichTextViewUITestsLaunchTests.m */; };
/* End PBXBuildFile section */

/* Begin PBXContainerItemProxy section */
		3FF8D88E2720098F00AA0FF4 /* PBXContainerItemProxy */ = {
			isa = PBXContainerItemProxy;
			containerPortal = 3FF8D86A2720098C00AA0FF4 /* Project object */;
			proxyType = 1;
			remoteGlobalIDString = 3FF8D8712720098C00AA0FF4;
			remoteInfo = TMRichTextView;
		};
		3FF8D8982720098F00AA0FF4 /* PBXContainerItemProxy */ = {
			isa = PBXContainerItemProxy;
			containerPortal = 3FF8D86A2720098C00AA0FF4 /* Project object */;
			proxyType = 1;
			remoteGlobalIDString = 3FF8D8712720098C00AA0FF4;
			remoteInfo = TMRichTextView;
		};
/* End PBXContainerItemProxy section */

/* Begin PBXFileReference section */
		3FF8D8722720098C00AA0FF4 /* TMRichTextView.app */ = {isa = PBXFileReference; explicitFileType = wrapper.application; includeInIndex = 0; path = TMRichTextView.app; sourceTree = BUILT_PRODUCTS_DIR; };
		3FF8D8752720098C00AA0FF4 /* AppDelegate.h */ = {isa = PBXFileReference; lastKnownFileType = sourcecode.c.h; path = AppDelegate.h; sourceTree = "<group>"; };
		3FF8D8762720098C00AA0FF4 /* AppDelegate.m */ = {isa = PBXFileReference; lastKnownFileType = sourcecode.c.objc; path = AppDelegate.m; sourceTree = "<group>"; };
		3FF8D8782720098C00AA0FF4 /* SceneDelegate.h */ = {isa = PBXFileReference; lastKnownFileType = sourcecode.c.h; path = SceneDelegate.h; sourceTree = "<group>"; };
		3FF8D8792720098C00AA0FF4 /* SceneDelegate.m */ = {isa = PBXFileReference; lastKnownFileType = sourcecode.c.objc; path = SceneDelegate.m; sourceTree = "<group>"; };
		3FF8D87B2720098C00AA0FF4 /* ViewController.h */ = {isa = PBXFileReference; lastKnownFileType = sourcecode.c.h; path = ViewController.h; sourceTree = "<group>"; };
		3FF8D87C2720098C00AA0FF4 /* ViewController.m */ = {isa = PBXFileReference; lastKnownFileType = sourcecode.c.objc; path = ViewController.m; sourceTree = "<group>"; };
		3FF8D87F2720098C00AA0FF4 /* Base */ = {isa = PBXFileReference; lastKnownFileType = file.storyboard; name = Base; path = Base.lproj/Main.storyboard; sourceTree = "<group>"; };
		3FF8D8812720098F00AA0FF4 /* Assets.xcassets */ = {isa = PBXFileReference; lastKnownFileType = folder.assetcatalog; path = Assets.xcassets; sourceTree = "<group>"; };
		3FF8D8842720098F00AA0FF4 /* Base */ = {isa = PBXFileReference; lastKnownFileType = file.storyboard; name = Base; path = Base.lproj/LaunchScreen.storyboard; sourceTree = "<group>"; };
		3FF8D8862720098F00AA0FF4 /* Info.plist */ = {isa = PBXFileReference; lastKnownFileType = text.plist.xml; path = Info.plist; sourceTree = "<group>"; };
		3FF8D8872720098F00AA0FF4 /* main.m */ = {isa = PBXFileReference; lastKnownFileType = sourcecode.c.objc; path = main.m; sourceTree = "<group>"; };
		3FF8D88D2720098F00AA0FF4 /* TMRichTextViewTests.xctest */ = {isa = PBXFileReference; explicitFileType = wrapper.cfbundle; includeInIndex = 0; path = TMRichTextViewTests.xctest; sourceTree = BUILT_PRODUCTS_DIR; };
		3FF8D8912720098F00AA0FF4 /* TMRichTextViewTests.m */ = {isa = PBXFileReference; lastKnownFileType = sourcecode.c.objc; path = TMRichTextViewTests.m; sourceTree = "<group>"; };
		3FF8D8972720098F00AA0FF4 /* TMRichTextViewUITests.xctest */ = {isa = PBXFileReference; explicitFileType = wrapper.cfbundle; includeInIndex = 0; path = TMRichTextViewUITests.xctest; sourceTree = BUILT_PRODUCTS_DIR; };
		3FF8D89B2720098F00AA0FF4 /* TMRichTextViewUITests.m */ = {isa = PBXFileReference; lastKnownFileType = sourcecode.c.objc; path = TMRichTextViewUITests.m; sourceTree = "<group>"; };
		3FF8D89D2720098F00AA0FF4 /* TMRichTextViewUITestsLaunchTests.m */ = {isa = PBXFileReference; lastKnownFileType = sourcecode.c.objc; path = TMRichTextViewUITestsLaunchTests.m; sourceTree = "<group>"; };
/* End PBXFileReference section */

/* Begin PBXFrameworksBuildPhase section */
		3FF8D86F2720098C00AA0FF4 /* Frameworks */ = {
			isa = PBXFrameworksBuildPhase;
			buildActionMask = 2147483647;
			files = (
			);
			runOnlyForDeploymentPostprocessing = 0;
		};
		3FF8D88A2720098F00AA0FF4 /* Frameworks */ = {
			isa = PBXFrameworksBuildPhase;
			buildActionMask = 2147483647;
			files = (
			);
			runOnlyForDeploymentPostprocessing = 0;
		};
		3FF8D8942720098F00AA0FF4 /* Frameworks */ = {
			isa = PBXFrameworksBuildPhase;
			buildActionMask = 2147483647;
			files = (
			);
			runOnlyForDeploymentPostprocessing = 0;
		};
/* End PBXFrameworksBuildPhase section */

/* Begin PBXGroup section */
		3FF8D8692720098C00AA0FF4 = {
			isa = PBXGroup;
			children = (
				3FF8D8742720098C00AA0FF4 /* TMRichTextView */,
				3FF8D8902720098F00AA0FF4 /* TMRichTextViewTests */,
				3FF8D89A2720098F00AA0FF4 /* TMRichTextViewUITests */,
				3FF8D8732720098C00AA0FF4 /* Products */,
			);
			sourceTree = "<group>";
		};
		3FF8D8732720098C00AA0FF4 /* Products */ = {
			isa = PBXGroup;
			children = (
				3FF8D8722720098C00AA0FF4 /* TMRichTextView.app */,
				3FF8D88D2720098F00AA0FF4 /* TMRichTextViewTests.xctest */,
				3FF8D8972720098F00AA0FF4 /* TMRichTextViewUITests.xctest */,
			);
			name = Products;
			sourceTree = "<group>";
		};
		3FF8D8742720098C00AA0FF4 /* TMRichTextView */ = {
			isa = PBXGroup;
			children = (
				3FF8D8752720098C00AA0FF4 /* AppDelegate.h */,
				3FF8D8762720098C00AA0FF4 /* AppDelegate.m */,
				3FF8D8782720098C00AA0FF4 /* SceneDelegate.h */,
				3FF8D8792720098C00AA0FF4 /* SceneDelegate.m */,
				3FF8D87B2720098C00AA0FF4 /* ViewController.h */,
				3FF8D87C2720098C00AA0FF4 /* ViewController.m */,
				3FF8D87E2720098C00AA0FF4 /* Main.storyboard */,
				3FF8D8812720098F00AA0FF4 /* Assets.xcassets */,
				3FF8D8832720098F00AA0FF4 /* LaunchScreen.storyboard */,
				3FF8D8862720098F00AA0FF4 /* Info.plist */,
				3FF8D8872720098F00AA0FF4 /* main.m */,
			);
			path = TMRichTextView;
			sourceTree = "<group>";
		};
		3FF8D8902720098F00AA0FF4 /* TMRichTextViewTests */ = {
			isa = PBXGroup;
			children = (
				3FF8D8912720098F00AA0FF4 /* TMRichTextViewTests.m */,
			);
			path = TMRichTextViewTests;
			sourceTree = "<group>";
		};
		3FF8D89A2720098F00AA0FF4 /* TMRichTextViewUITests */ = {
			isa = PBXGroup;
			children = (
				3FF8D89B2720098F00AA0FF4 /* TMRichTextViewUITests.m */,
				3FF8D89D2720098F00AA0FF4 /* TMRichTextViewUITestsLaunchTests.m */,
			);
			path = TMRichTextViewUITests;
			sourceTree = "<group>";
		};
/* End PBXGroup section */

/* Begin PBXNativeTarget section */
		3FF8D8712720098C00AA0FF4 /* TMRichTextView */ = {
			isa = PBXNativeTarget;
			buildConfigurationList = 3FF8D8A12720098F00AA0FF4 /* Build configuration list for PBXNativeTarget "TMRichTextView" */;
			buildPhases = (
				3FF8D86E2720098C00AA0FF4 /* Sources */,
				3FF8D86F2720098C00AA0FF4 /* Frameworks */,
				3FF8D8702720098C00AA0FF4 /* Resources */,
			);
			buildRules = (
			);
			dependencies = (
			);
			name = TMRichTextView;
			productName = TMRichTextView;
			productReference = 3FF8D8722720098C00AA0FF4 /* TMRichTextView.app */;
			productType = "com.apple.product-type.application";
		};
		3FF8D88C2720098F00AA0FF4 /* TMRichTextViewTests */ = {
			isa = PBXNativeTarget;
			buildConfigurationList = 3FF8D8A42720098F00AA0FF4 /* Build configuration list for PBXNativeTarget "TMRichTextViewTests" */;
			buildPhases = (
				3FF8D8892720098F00AA0FF4 /* Sources */,
				3FF8D88A2720098F00AA0FF4 /* Frameworks */,
				3FF8D88B2720098F00AA0FF4 /* Resources */,
			);
			buildRules = (
			);
			dependencies = (
				3FF8D88F2720098F00AA0FF4 /* PBXTargetDependency */,
			);
			name = TMRichTextViewTests;
			productName = TMRichTextViewTests;
			productReference = 3FF8D88D2720098F00AA0FF4 /* TMRichTextViewTests.xctest */;
			productType = "com.apple.product-type.bundle.unit-test";
		};
		3FF8D8962720098F00AA0FF4 /* TMRichTextViewUITests */ = {
			isa = PBXNativeTarget;
			buildConfigurationList = 3FF8D8A72720098F00AA0FF4 /* Build configuration list for PBXNativeTarget "TMRichTextViewUITests" */;
			buildPhases = (
				3FF8D8932720098F00AA0FF4 /* Sources */,
				3FF8D8942720098F00AA0FF4 /* Frameworks */,
				3FF8D8952720098F00AA0FF4 /* Resources */,
			);
			buildRules = (
			);
			dependencies = (
				3FF8D8992720098F00AA0FF4 /* PBXTargetDependency */,
			);
			name = TMRichTextViewUITests;
			productName = TMRichTextViewUITests;
			productReference = 3FF8D8972720098F00AA0FF4 /* TMRichTextViewUITests.xctest */;
			productType = "com.apple.product-type.bundle.ui-testing";
		};
/* End PBXNativeTarget section */

/* Begin PBXProject section */
		3FF8D86A2720098C00AA0FF4 /* Project object */ = {
			isa = PBXProject;
			attributes = {
				BuildIndependentTargetsInParallel = 1;
				LastUpgradeCheck = 1300;
				TargetAttributes = {
					3FF8D8712720098C00AA0FF4 = {
						CreatedOnToolsVersion = 13.0;
					};
					3FF8D88C2720098F00AA0FF4 = {
						CreatedOnToolsVersion = 13.0;
						TestTargetID = 3FF8D8712720098C00AA0FF4;
					};
					3FF8D8962720098F00AA0FF4 = {
						CreatedOnToolsVersion = 13.0;
						TestTargetID = 3FF8D8712720098C00AA0FF4;
					};
				};
			};
			buildConfigurationList = 3FF8D86D2720098C00AA0FF4 /* Build configuration list for PBXProject "TMRichTextView" */;
			compatibilityVersion = "Xcode 13.0";
			developmentRegion = en;
			hasScannedForEncodings = 0;
			knownRegions = (
				en,
				Base,
			);
			mainGroup = 3FF8D8692720098C00AA0FF4;
			productRefGroup = 3FF8D8732720098C00AA0FF4 /* Products */;
			projectDirPath = "";
			projectRoot = "";
			targets = (
				3FF8D8712720098C00AA0FF4 /* TMRichTextView */,
				3FF8D88C2720098F00AA0FF4 /* TMRichTextViewTests */,
				3FF8D8962720098F00AA0FF4 /* TMRichTextViewUITests */,
			);
		};
/* End PBXProject section */

/* Begin PBXResourcesBuildPhase section */
		3FF8D8702720098C00AA0FF4 /* Resources */ = {
			isa = PBXResourcesBuildPhase;
			buildActionMask = 2147483647;
			files = (
				3FF8D8852720098F00AA0FF4 /* LaunchScreen.storyboard in Resources */,
				3FF8D8822720098F00AA0FF4 /* Assets.xcassets in Resources */,
				3FF8D8802720098C00AA0FF4 /* Main.storyboard in Resources */,
			);
			runOnlyForDeploymentPostprocessing = 0;
		};
		3FF8D88B2720098F00AA0FF4 /* Resources */ = {
			isa = PBXResourcesBuildPhase;
			buildActionMask = 2147483647;
			files = (
			);
			runOnlyForDeploymentPostprocessing = 0;
		};
		3FF8D8952720098F00AA0FF4 /* Resources */ = {
			isa = PBXResourcesBuildPhase;
			buildActionMask = 2147483647;
			files = (
			);
			runOnlyForDeploymentPostprocessing = 0;
		};
/* End PBXResourcesBuildPhase section */

/* Begin PBXSourcesBuildPhase section */
		3FF8D86E2720098C00AA0FF4 /* Sources */ = {
			isa = PBXSourcesBuildPhase;
			buildActionMask = 2147483647;
			files = (
				3FF8D87D2720098C00AA0FF4 /* ViewController.m in Sources */,
				3FF8D8772720098C00AA0FF4 /* AppDelegate.m in Sources */,
				3FF8D8882720098F00AA0FF4 /* main.m in Sources */,
				3FF8D87A2720098C00AA0FF4 /* SceneDelegate.m in Sources */,
			);
			runOnlyForDeploymentPostprocessing = 0;
		};
		3FF8D8892720098F00AA0FF4 /* Sources */ = {
			isa = PBXSourcesBuildPhase;
			buildActionMask = 2147483647;
			files = (
				3FF8D8922720098F00AA0FF4 /* TMRichTextViewTests.m in Sources */,
			);
			runOnlyForDeploymentPostprocessing = 0;
		};
		3FF8D8932720098F00AA0FF4 /* Sources */ = {
			isa = PBXSourcesBuildPhase;
			buildActionMask = 2147483647;
			files = (
				3FF8D89C2720098F00AA0FF4 /* TMRichTextViewUITests.m in Sources */,
				3FF8D89E2720098F00AA0FF4 /* TMRichTextViewUITestsLaunchTests.m in Sources */,
			);
			runOnlyForDeploymentPostprocessing = 0;
		};
/* End PBXSourcesBuildPhase section */

/* Begin PBXTargetDependency section */
		3FF8D88F2720098F00AA0FF4 /* PBXTargetDependency */ = {
			isa = PBXTargetDependency;
			target = 3FF8D8712720098C00AA0FF4 /* TMRichTextView */;
			targetProxy = 3FF8D88E2720098F00AA0FF4 /* PBXContainerItemProxy */;
		};
		3FF8D8992720098F00AA0FF4 /* PBXTargetDependency */ = {
			isa = PBXTargetDependency;
			target = 3FF8D8712720098C00AA0FF4 /* TMRichTextView */;
			targetProxy = 3FF8D8982720098F00AA0FF4 /* PBXContainerItemProxy */;
		};
/* End PBXTargetDependency section */

/* Begin PBXVariantGroup section */
		3FF8D87E2720098C00AA0FF4 /* Main.storyboard */ = {
			isa = PBXVariantGroup;
			children = (
				3FF8D87F2720098C00AA0FF4 /* Base */,
			);
			name = Main.storyboard;
			sourceTree = "<group>";
		};
		3FF8D8832720098F00AA0FF4 /* LaunchScreen.storyboard */ = {
			isa = PBXVariantGroup;
			children = (
				3FF8D8842720098F00AA0FF4 /* Base */,
			);
			name = LaunchScreen.storyboard;
			sourceTree = "<group>";
		};
/* End PBXVariantGroup section */

/* Begin XCBuildConfiguration section */
		3FF8D89F2720098F00AA0FF4 /* Debug */ = {
			isa = XCBuildConfiguration;
			buildSettings = {
				ALWAYS_SEARCH_USER_PATHS = NO;
				CLANG_ANALYZER_NONNULL = YES;
				CLANG_ANALYZER_NUMBER_OBJECT_CONVERSION = YES_AGGRESSIVE;
				CLANG_CXX_LANGUAGE_STANDARD = "gnu++17";
				CLANG_CXX_LIBRARY = "libc++";
				CLANG_ENABLE_MODULES = YES;
				CLANG_ENABLE_OBJC_ARC = YES;
				CLANG_ENABLE_OBJC_WEAK = YES;
				CLANG_WARN_BLOCK_CAPTURE_AUTORELEASING = YES;
				CLANG_WARN_BOOL_CONVERSION = YES;
				CLANG_WARN_COMMA = YES;
				CLANG_WARN_CONSTANT_CONVERSION = YES;
				CLANG_WARN_DEPRECATED_OBJC_IMPLEMENTATIONS = YES;
				CLANG_WARN_DIRECT_OBJC_ISA_USAGE = YES_ERROR;
				CLANG_WARN_DOCUMENTATION_COMMENTS = YES;
				CLANG_WARN_EMPTY_BODY = YES;
				CLANG_WARN_ENUM_CONVERSION = YES;
				CLANG_WARN_INFINITE_RECURSION = YES;
				CLANG_WARN_INT_CONVERSION = YES;
				CLANG_WARN_NON_LITERAL_NULL_CONVERSION = YES;
				CLANG_WARN_OBJC_IMPLICIT_RETAIN_SELF = YES;
				CLANG_WARN_OBJC_LITERAL_CONVERSION = YES;
				CLANG_WARN_OBJC_ROOT_CLASS = YES_ERROR;
				CLANG_WARN_QUOTED_INCLUDE_IN_FRAMEWORK_HEADER = YES;
				CLANG_WARN_RANGE_LOOP_ANALYSIS = YES;
				CLANG_WARN_STRICT_PROTOTYPES = YES;
				CLANG_WARN_SUSPICIOUS_MOVE = YES;
				CLANG_WARN_UNGUARDED_AVAILABILITY = YES_AGGRESSIVE;
				CLANG_WARN_UNREACHABLE_CODE = YES;
				CLANG_WARN__DUPLICATE_METHOD_MATCH = YES;
				COPY_PHASE_STRIP = NO;
				DEBUG_INFORMATION_FORMAT = dwarf;
				ENABLE_STRICT_OBJC_MSGSEND = YES;
				ENABLE_TESTABILITY = YES;
				GCC_C_LANGUAGE_STANDARD = gnu11;
				GCC_DYNAMIC_NO_PIC = NO;
				GCC_NO_COMMON_BLOCKS = YES;
				GCC_OPTIMIZATION_LEVEL = 0;
				GCC_PREPROCESSOR_DEFINITIONS = (
					"DEBUG=1",
					"$(inherited)",
				);
				GCC_WARN_64_TO_32_BIT_CONVERSION = YES;
				GCC_WARN_ABOUT_RETURN_TYPE = YES_ERROR;
				GCC_WARN_UNDECLARED_SELECTOR = YES;
				GCC_WARN_UNINITIALIZED_AUTOS = YES_AGGRESSIVE;
				GCC_WARN_UNUSED_FUNCTION = YES;
				GCC_WARN_UNUSED_VARIABLE = YES;
				IPHONEOS_DEPLOYMENT_TARGET = 15.0;
				MTL_ENABLE_DEBUG_INFO = INCLUDE_SOURCE;
				MTL_FAST_MATH = YES;
				ONLY_ACTIVE_ARCH = YES;
				SDKROOT = iphoneos;
			};
			name = Debug;
		};
		3FF8D8A02720098F00AA0FF4 /* Release */ = {
			isa = XCBuildConfiguration;
			buildSettings = {
				ALWAYS_SEARCH_USER_PATHS = NO;
				CLANG_ANALYZER_NONNULL = YES;
				CLANG_ANALYZER_NUMBER_OBJECT_CONVERSION = YES_AGGRESSIVE;
				CLANG_CXX_LANGUAGE_STANDARD = "gnu++17";
				CLANG_CXX_LIBRARY = "libc++";
				CLANG_ENABLE_MODULES = YES;
				CLANG_ENABLE_OBJC_ARC = YES;
				CLANG_ENABLE_OBJC_WEAK = YES;
				CLANG_WARN_BLOCK_CAPTURE_AUTORELEASING = YES;
				CLANG_WARN_BOOL_CONVERSION = YES;
				CLANG_WARN_COMMA = YES;
				CLANG_WARN_CONSTANT_CONVERSION = YES;
				CLANG_WARN_DEPRECATED_OBJC_IMPLEMENTATIONS = YES;
				CLANG_WARN_DIRECT_OBJC_ISA_USAGE = YES_ERROR;
				CLANG_WARN_DOCUMENTATION_COMMENTS = YES;
				CLANG_WARN_EMPTY_BODY = YES;
				CLANG_WARN_ENUM_CONVERSION = YES;
				CLANG_WARN_INFINITE_RECURSION = YES;
				CLANG_WARN_INT_CONVERSION = YES;
				CLANG_WARN_NON_LITERAL_NULL_CONVERSION = YES;
				CLANG_WARN_OBJC_IMPLICIT_RETAIN_SELF = YES;
				CLANG_WARN_OBJC_LITERAL_CONVERSION = YES;
				CLANG_WARN_OBJC_ROOT_CLASS = YES_ERROR;
				CLANG_WARN_QUOTED_INCLUDE_IN_FRAMEWORK_HEADER = YES;
				CLANG_WARN_RANGE_LOOP_ANALYSIS = YES;
				CLANG_WARN_STRICT_PROTOTYPES = YES;
				CLANG_WARN_SUSPICIOUS_MOVE = YES;
				CLANG_WARN_UNGUARDED_AVAILABILITY = YES_AGGRESSIVE;
				CLANG_WARN_UNREACHABLE_CODE = YES;
				CLANG_WARN__DUPLICATE_METHOD_MATCH = YES;
				COPY_PHASE_STRIP = NO;
				DEBUG_INFORMATION_FORMAT = "dwarf-with-dsym";
				ENABLE_NS_ASSERTIONS = NO;
				ENABLE_STRICT_OBJC_MSGSEND = YES;
				GCC_C_LANGUAGE_STANDARD = gnu11;
				GCC_NO_COMMON_BLOCKS = YES;
				GCC_WARN_64_TO_32_BIT_CONVERSION = YES;
				GCC_WARN_ABOUT_RETURN_TYPE = YES_ERROR;
				GCC_WARN_UNDECLARED_SELECTOR = YES;
				GCC_WARN_UNINITIALIZED_AUTOS = YES_AGGRESSIVE;
				GCC_WARN_UNUSED_FUNCTION = YES;
				GCC_WARN_UNUSED_VARIABLE = YES;
				IPHONEOS_DEPLOYMENT_TARGET = 15.0;
				MTL_ENABLE_DEBUG_INFO = NO;
				MTL_FAST_MATH = YES;
				SDKROOT = iphoneos;
				VALIDATE_PRODUCT = YES;
			};
			name = Release;
		};
		3FF8D8A22720098F00AA0FF4 /* Debug */ = {
			isa = XCBuildConfiguration;
			buildSettings = {
				ASSETCATALOG_COMPILER_APPICON_NAME = AppIcon;
				ASSETCATALOG_COMPILER_GLOBAL_ACCENT_COLOR_NAME = AccentColor;
				CODE_SIGN_STYLE = Automatic;
				CURRENT_PROJECT_VERSION = 1;
				GENERATE_INFOPLIST_FILE = YES;
				INFOPLIST_FILE = TMRichTextView/Info.plist;
				INFOPLIST_KEY_UIApplicationSupportsIndirectInputEvents = YES;
				INFOPLIST_KEY_UILaunchStoryboardName = LaunchScreen;
				INFOPLIST_KEY_UIMainStoryboardFile = Main;
				INFOPLIST_KEY_UISupportedInterfaceOrientations_iPad = "UIInterfaceOrientationPortrait UIInterfaceOrientationPortraitUpsideDown UIInterfaceOrientationLandscapeLeft UIInterfaceOrientationLandscapeRight";
				INFOPLIST_KEY_UISupportedInterfaceOrientations_iPhone = "UIInterfaceOrientationPortrait UIInterfaceOrientationLandscapeLeft UIInterfaceOrientationLandscapeRight";
				LD_RUNPATH_SEARCH_PATHS = (
					"$(inherited)",
					"@executable_path/Frameworks",
				);
				MARKETING_VERSION = 1.0;
				PRODUCT_BUNDLE_IDENTIFIER = com.cocosbee.TMRichTextView;
				PRODUCT_NAME = "$(TARGET_NAME)";
				SWIFT_EMIT_LOC_STRINGS = YES;
				TARGETED_DEVICE_FAMILY = "1,2";
			};
			name = Debug;
		};
		3FF8D8A32720098F00AA0FF4 /* Release */ = {
			isa = XCBuildConfiguration;
			buildSettings = {
				ASSETCATALOG_COMPILER_APPICON_NAME = AppIcon;
				ASSETCATALOG_COMPILER_GLOBAL_ACCENT_COLOR_NAME = AccentColor;
				CODE_SIGN_STYLE = Automatic;
				CURRENT_PROJECT_VERSION = 1;
				GENERATE_INFOPLIST_FILE = YES;
				INFOPLIST_FILE = TMRichTextView/Info.plist;
				INFOPLIST_KEY_UIApplicationSupportsIndirectInputEvents = YES;
				INFOPLIST_KEY_UILaunchStoryboardName = LaunchScreen;
				INFOPLIST_KEY_UIMainStoryboardFile = Main;
				INFOPLIST_KEY_UISupportedInterfaceOrientations_iPad = "UIInterfaceOrientationPortrait UIInterfaceOrientationPortraitUpsideDown UIInterfaceOrientationLandscapeLeft UIInterfaceOrientationLandscapeRight";
				INFOPLIST_KEY_UISupportedInterfaceOrientations_iPhone = "UIInterfaceOrientationPortrait UIInterfaceOrientationLandscapeLeft UIInterfaceOrientationLandscapeRight";
				LD_RUNPATH_SEARCH_PATHS = (
					"$(inherited)",
					"@executable_path/Frameworks",
				);
				MARKETING_VERSION = 1.0;
				PRODUCT_BUNDLE_IDENTIFIER = com.cocosbee.TMRichTextView;
				PRODUCT_NAME = "$(TARGET_NAME)";
				SWIFT_EMIT_LOC_STRINGS = YES;
				TARGETED_DEVICE_FAMILY = "1,2";
			};
			name = Release;
		};
		3FF8D8A52720098F00AA0FF4 /* Debug */ = {
			isa = XCBuildConfiguration;
			buildSettings = {
				BUNDLE_LOADER = "$(TEST_HOST)";
				CODE_SIGN_STYLE = Automatic;
				CURRENT_PROJECT_VERSION = 1;
				GENERATE_INFOPLIST_FILE = YES;
				IPHONEOS_DEPLOYMENT_TARGET = 15.0;
				LD_RUNPATH_SEARCH_PATHS = (
					"$(inherited)",
					"@executable_path/Frameworks",
					"@loader_path/Frameworks",
				);
				MARKETING_VERSION = 1.0;
				PRODUCT_BUNDLE_IDENTIFIER = com.cocosbee.TMRichTextViewTests;
				PRODUCT_NAME = "$(TARGET_NAME)";
				SWIFT_EMIT_LOC_STRINGS = NO;
				TARGETED_DEVICE_FAMILY = "1,2";
				TEST_HOST = "$(BUILT_PRODUCTS_DIR)/TMRichTextView.app/TMRichTextView";
			};
			name = Debug;
		};
		3FF8D8A62720098F00AA0FF4 /* Release */ = {
			isa = XCBuildConfiguration;
			buildSettings = {
				BUNDLE_LOADER = "$(TEST_HOST)";
				CODE_SIGN_STYLE = Automatic;
				CURRENT_PROJECT_VERSION = 1;
				GENERATE_INFOPLIST_FILE = YES;
				IPHONEOS_DEPLOYMENT_TARGET = 15.0;
				LD_RUNPATH_SEARCH_PATHS = (
					"$(inherited)",
					"@executable_path/Frameworks",
					"@loader_path/Frameworks",
				);
				MARKETING_VERSION = 1.0;
				PRODUCT_BUNDLE_IDENTIFIER = com.cocosbee.TMRichTextViewTests;
				PRODUCT_NAME = "$(TARGET_NAME)";
				SWIFT_EMIT_LOC_STRINGS = NO;
				TARGETED_DEVICE_FAMILY = "1,2";
				TEST_HOST = "$(BUILT_PRODUCTS_DIR)/TMRichTextView.app/TMRichTextView";
			};
			name = Release;
		};
		3FF8D8A82720098F00AA0FF4 /* Debug */ = {
			isa = XCBuildConfiguration;
			buildSettings = {
				CODE_SIGN_STYLE = Automatic;
				CURRENT_PROJECT_VERSION = 1;
				GENERATE_INFOPLIST_FILE = YES;
				LD_RUNPATH_SEARCH_PATHS = (
					"$(inherited)",
					"@executable_path/Frameworks",
					"@loader_path/Frameworks",
				);
				MARKETING_VERSION = 1.0;
				PRODUCT_BUNDLE_IDENTIFIER = com.cocosbee.TMRichTextViewUITests;
				PRODUCT_NAME = "$(TARGET_NAME)";
				SWIFT_EMIT_LOC_STRINGS = NO;
				TARGETED_DEVICE_FAMILY = "1,2";
				TEST_TARGET_NAME = TMRichTextView;
			};
			name = Debug;
		};
		3FF8D8A92720098F00AA0FF4 /* Release */ = {
			isa = XCBuildConfiguration;
			buildSettings = {
				CODE_SIGN_STYLE = Automatic;
				CURRENT_PROJECT_VERSION = 1;
				GENERATE_INFOPLIST_FILE = YES;
				LD_RUNPATH_SEARCH_PATHS = (
					"$(inherited)",
					"@executable_path/Frameworks",
					"@loader_path/Frameworks",
				);
				MARKETING_VERSION = 1.0;
				PRODUCT_BUNDLE_IDENTIFIER = com.cocosbee.TMRichTextViewUITests;
				PRODUCT_NAME = "$(TARGET_NAME)";
				SWIFT_EMIT_LOC_STRINGS = NO;
				TARGETED_DEVICE_FAMILY = "1,2";
				TEST_TARGET_NAME = TMRichTextView;
			};
			name = Release;
		};
/* End XCBuildConfiguration section */

/* Begin XCConfigurationList section */
		3FF8D86D2720098C00AA0FF4 /* Build configuration list for PBXProject "TMRichTextView" */ = {
			isa = XCConfigurationList;
			buildConfigurations = (
				3FF8D89F2720098F00AA0FF4 /* Debug */,
				3FF8D8A02720098F00AA0FF4 /* Release */,
			);
			defaultConfigurationIsVisible = 0;
			defaultConfigurationName = Release;
		};
		3FF8D8A12720098F00AA0FF4 /* Build configuration list for PBXNativeTarget "TMRichTextView" */ = {
			isa = XCConfigurationList;
			buildConfigurations = (
				3FF8D8A22720098F00AA0FF4 /* Debug */,
				3FF8D8A32720098F00AA0FF4 /* Release */,
			);
			defaultConfigurationIsVisible = 0;
			defaultConfigurationName = Release;
		};
		3FF8D8A42720098F00AA0FF4 /* Build configuration list for PBXNativeTarget "TMRichTextViewTests" */ = {
			isa = XCConfigurationList;
			buildConfigurations = (
				3FF8D8A52720098F00AA0FF4 /* Debug */,
				3FF8D8A62720098F00AA0FF4 /* Release */,
			);
			defaultConfigurationIsVisible = 0;
			defaultConfigurationName = Release;
		};
		3FF8D8A72720098F00AA0FF4 /* Build configuration list for PBXNativeTarget "TMRichTextViewUITests" */ = {
			isa = XCConfigurationList;
			buildConfigurations = (
				3FF8D8A82720098F00AA0FF4 /* Debug */,
				3FF8D8A92720098F00AA0FF4 /* Release */,
			);
			defaultConfigurationIsVisible = 0;
			defaultConfigurationName = Release;
		};
/* End XCConfigurationList section */
	};
	rootObject = 3FF8D86A2720098C00AA0FF4 /* Project object */;
}
